{
  "version": 4,
  "terraform_version": "1.15.1",
  "serial": 8,
  "lineage": "5e4d11c4-4e49-c196-f212-2049d831a5da",
  "outputs": {
    "jenkins_public_ip": {
      "value": "34.171.72.165",
      "type": "string"
    },
    "k8s_master_public_ip": {
      "value": "34.45.46.196",
      "type": "string"
    },
    "k8s_worker_public_ip": {
      "value": "136.114.56.192",
      "type": "string"
    }
  },
  "resources": [
    {
      "mode": "managed",
      "type": "google_compute_firewall",
      "name": "jenkins",
      "provider": "provider[\"registry.terraform.io/hashicorp/google\"]",
      "instances": [
        {
          "schema_version": 1,
          "attributes": {
            "allow": [
              {
                "ports": [
                  "22"
                ],
                "protocol": "tcp"
              },
              {
                "ports": [
                  "80"
                ],
                "protocol": "tcp"
              },
              {
                "ports": [
                  "8080"
                ],
                "protocol": "tcp"
              }
            ],
            "creation_timestamp": "2026-05-10T09:22:59.265-07:00",
            "deny": [],
            "description": "",
            "destination_ranges": [],
            "direction": "INGRESS",
            "disabled": false,
            "enable_logging": null,
            "id": "projects/mern-amazona-project/global/firewalls/mern-amazona-jenkins-fw",
            "log_config": [],
            "name": "mern-amazona-jenkins-fw",
            "network": "https://www.googleapis.com/compute/v1/projects/mern-amazona-project/global/networks/mern-amazona-vpc",
            "priority": 1000,
            "project": "mern-amazona-project",
            "self_link": "https://www.googleapis.com/compute/v1/projects/mern-amazona-project/global/firewalls/mern-amazona-jenkins-fw",
            "source_ranges": [
              "0.0.0.0/0"
            ],
            "source_service_accounts": null,
            "source_tags": null,
            "target_service_accounts": null,
            "target_tags": [
              "jenkins"
            ],
            "timeouts": null
          },
          "sensitive_attributes": [],
          "identity_schema_version": 0,
          "private": "eyJlMmJmYjczMC1lY2FhLTExZTYtOGY4OC0zNDM2M2JjN2M0YzAiOnsiY3JlYXRlIjoxMjAwMDAwMDAwMDAwLCJkZWxldGUiOjEyMDAwMDAwMDAwMDAsInVwZGF0ZSI6MTIwMDAwMDAwMDAwMH0sInNjaGVtYV92ZXJzaW9uIjoiMSJ9",
          "dependencies": [
            "google_compute_network.main"
          ]
        }
      ]
    },
    {
      "mode": "managed",
      "type": "google_compute_firewall",
      "name": "kubernetes",
      "provider": "provider[\"registry.terraform.io/hashicorp/google\"]",
      "instances": [
        {
          "schema_version": 1,
          "attributes": {
            "allow": [
              {
                "ports": [
                  "22"
                ],
                "protocol": "tcp"
              },
              {
                "ports": [
                  "3000"
                ],
                "protocol": "tcp"
              },
              {
                "ports": [
                  "4000"
                ],
                "protocol": "tcp"
              },
              {
                "ports": [
                  "6443"
                ],
                "protocol": "tcp"
              },
              {
                "ports": [
                  "80"
                ],
                "protocol": "tcp"
              }
            ],
            "creation_timestamp": "2026-05-10T09:22:59.547-07:00",
            "deny": [],
            "description": "",
            "destination_ranges": [],
            "direction": "INGRESS",
            "disabled": false,
            "enable_logging": null,
            "id": "projects/mern-amazona-project/global/firewalls/mern-amazona-k8s-fw",
            "log_config": [],
            "name": "mern-amazona-k8s-fw",
            "network": "https://www.googleapis.com/compute/v1/projects/mern-amazona-project/global/networks/mern-amazona-vpc",
            "priority": 1000,
            "project": "mern-amazona-project",
            "self_link": "https://www.googleapis.com/compute/v1/projects/mern-amazona-project/global/firewalls/mern-amazona-k8s-fw",
            "source_ranges": [
              "0.0.0.0/0"
            ],
            "source_service_accounts": null,
            "source_tags": null,
            "target_service_accounts": null,
            "target_tags": [
              "kubernetes"
            ],
            "timeouts": null
          },
          "sensitive_attributes": [],
          "identity_schema_version": 0,
          "private": "eyJlMmJmYjczMC1lY2FhLTExZTYtOGY4OC0zNDM2M2JjN2M0YzAiOnsiY3JlYXRlIjoxMjAwMDAwMDAwMDAwLCJkZWxldGUiOjEyMDAwMDAwMDAwMDAsInVwZGF0ZSI6MTIwMDAwMDAwMDAwMH0sInNjaGVtYV92ZXJzaW9uIjoiMSJ9",
          "dependencies": [
            "google_compute_network.main"
          ]
        }
      ]
    },
    {
      "mode": "managed",
      "type": "google_compute_instance",
      "name": "jenkins",
      "provider": "provider[\"registry.terraform.io/hashicorp/google\"]",
      "instances": [
        {
          "schema_version": 6,
          "attributes": {
            "advanced_machine_features": [],
            "allow_stopping_for_update": null,
            "attached_disk": [],
            "boot_disk": [
              {
                "auto_delete": true,
                "device_name": "persistent-disk-0",
                "disk_encryption_key_raw": "",
                "disk_encryption_key_sha256": "",
                "initialize_params": [
                  {
                    "image": "https://www.googleapis.com/compute/v1/projects/ubuntu-os-cloud/global/images/ubuntu-2204-jammy-v20260504",
                    "labels": {},
                    "resource_manager_tags": null,
                    "size": 20,
                    "type": "pd-standard"
                  }
                ],
                "kms_key_self_link": "",
                "mode": "READ_WRITE",
                "source": "https://www.googleapis.com/compute/v1/projects/mern-amazona-project/zones/us-central1-a/disks/mern-amazona-jenkins"
              }
            ],
            "can_ip_forward": false,
            "confidential_instance_config": [],
            "cpu_platform": "Intel Broadwell",
            "current_status": "RUNNING",
            "deletion_protection": false,
            "description": "",
            "desired_status": null,
            "enable_display": false,
            "guest_accelerator": [],
            "hostname": "",
            "id": "projects/mern-amazona-project/zones/us-central1-a/instances/mern-amazona-jenkins",
            "instance_id": "2317227067876118044",
            "label_fingerprint": "WWr1Ks68kMA=",
            "labels": {
              "project": "mern-amazona",
              "role": "jenkins"
            },
            "machine_type": "e2-medium",
            "metadata": {
              "ssh-keys": "ubuntu:ssh-rsa AAAAB3NzaC1yc2EAAAADAQABAAACAQCoxIDxCh5LvP+DTJSa0bgTi/qE/Unvuxh2DAgc4189aLXQQDqWySlTykydROZqyFV+BKRcTNRBdQnscg+OrtHj0YLZNLNYLfpiDXg1MggT/VkopJAMzrg+DUfR+znFAwxc9y/chKvP98ovEeu9AmjEm1+V4sdSrJqBOpru2iqnN5pCM2YC8WN8ROhCX2p6djTAxhTiFIvn8pfofe/t4naRjItXmSiWWqrp4F8K6sKUGQ8wKqusIm4+FGBvSjIMbTXV32OnrdNfd9WlDW3LYglOOBQ7SyJZiaURdJXvFTP9QxKIPITEMf5X8ezCDMqBK4jB9R8RJpodN3rhouFlpw/ga5k5uWWYD8ftFJESYpL9utxkHX5e7t6sKH5zpTHS2QZ9QdnZw+wd0suD8vS/xDKiLpxGBW069cq33nc5/BlA24vX6oRq6FAHgTksvNSf2P8xElgjojkMKLtFgIKHLupQ3IgkxmXv+Y1P/FKv8NfkNIxlSLFwReHL6RLZWnRE/ovGftVZqw3kWANIHZSb7pjrAskASbf5Eh+0yTBxSUa4wRaF3PT5gRGwCs249NyUr7jEhxmHloshakez6OKpblIr9L62ey+yTgGOHNYm26PpUx4j6W1YGD1ADPDvy0rC5fgoURfrnQEMT5Vyo+6/YuxLgd3IHbkqB1180KO0LRevVw== nourhan14@Norhan\n"
            },
            "metadata_fingerprint": "3_Z1TwhmEwI=",
            "metadata_startup_script": null,
            "min_cpu_platform": "",
            "name": "mern-amazona-jenkins",
            "network_interface": [
              {
                "access_config": [
                  {
                    "nat_ip": "34.171.72.165",
                    "network_tier": "PREMIUM",
                    "public_ptr_domain_name": ""
                  }
                ],
                "alias_ip_range": [],
                "internal_ipv6_prefix_length": 0,
                "ipv6_access_config": [],
                "ipv6_access_type": "",
                "ipv6_address": "",
                "name": "nic0",
                "network": "https://www.googleapis.com/compute/v1/projects/mern-amazona-project/global/networks/mern-amazona-vpc",
                "network_ip": "10.0.1.3",
                "nic_type": "",
                "queue_count": 0,
                "stack_type": "IPV4_ONLY",
                "subnetwork": "https://www.googleapis.com/compute/v1/projects/mern-amazona-project/regions/us-central1/subnetworks/mern-amazona-public-subnet",
                "subnetwork_project": "mern-amazona-project"
              }
            ],
            "network_performance_config": [],
            "params": [],
            "project": "mern-amazona-project",
            "reservation_affinity": [],
            "resource_policies": null,
            "scheduling": [
              {
                "automatic_restart": true,
                "instance_termination_action": "",
                "local_ssd_recovery_timeout": [],
                "min_node_cpus": 0,
                "node_affinities": [],
                "on_host_maintenance": "MIGRATE",
                "preemptible": false,
                "provisioning_model": "STANDARD"
              }
            ],
            "scratch_disk": [],
            "self_link": "https://www.googleapis.com/compute/v1/projects/mern-amazona-project/zones/us-central1-a/instances/mern-amazona-jenkins",
            "service_account": [],
            "shielded_instance_config": [
              {
                "enable_integrity_monitoring": true,
                "enable_secure_boot": false,
                "enable_vtpm": true
              }
            ],
            "tags": [
              "jenkins"
            ],
            "tags_fingerprint": "4l7--0t2PzY=",
            "timeouts": null,
            "zone": "us-central1-a"
          },
          "sensitive_attributes": [
            [
              {
                "type": "get_attr",
                "value": "boot_disk"
              },
              {
                "type": "index",
                "value": {
                  "value": 0,
                  "type": "number"
                }
              },
              {
                "type": "get_attr",
                "value": "disk_encryption_key_raw"
              }
            ]
          ],
          "identity_schema_version": 0,
          "private": "eyJlMmJmYjczMC1lY2FhLTExZTYtOGY4OC0zNDM2M2JjN2M0YzAiOnsiY3JlYXRlIjoxMjAwMDAwMDAwMDAwLCJkZWxldGUiOjEyMDAwMDAwMDAwMDAsInVwZGF0ZSI6MTIwMDAwMDAwMDAwMH0sInNjaGVtYV92ZXJzaW9uIjoiNiJ9",
          "dependencies": [
            "google_compute_network.main",
            "google_compute_subnetwork.public"
          ]
        }
      ]
    },
    {
      "mode": "managed",
      "type": "google_compute_instance",
      "name": "k8s_master",
      "provider": "provider[\"registry.terraform.io/hashicorp/google\"]",
      "instances": [
        {
          "schema_version": 6,
          "attributes": {
            "advanced_machine_features": [],
            "allow_stopping_for_update": null,
            "attached_disk": [],
            "boot_disk": [
              {
                "auto_delete": true,
                "device_name": "persistent-disk-0",
                "disk_encryption_key_raw": "",
                "disk_encryption_key_sha256": "",
                "initialize_params": [
                  {
                    "image": "https://www.googleapis.com/compute/v1/projects/ubuntu-os-cloud/global/images/ubuntu-2204-jammy-v20260504",
                    "labels": {},
                    "resource_manager_tags": null,
                    "size": 20,
                    "type": "pd-standard"
                  }
                ],
                "kms_key_self_link": "",
                "mode": "READ_WRITE",
                "source": "https://www.googleapis.com/compute/v1/projects/mern-amazona-project/zones/us-central1-a/disks/mern-amazona-k8s-master"
              }
            ],
            "can_ip_forward": false,
            "confidential_instance_config": [],
            "cpu_platform": "AMD Rome",
            "current_status": "RUNNING",
            "deletion_protection": false,
            "description": "",
            "desired_status": null,
            "enable_display": false,
            "guest_accelerator": [],
            "hostname": "",
            "id": "projects/mern-amazona-project/zones/us-central1-a/instances/mern-amazona-k8s-master",
            "instance_id": "6676776653234703900",
            "label_fingerprint": "WbqvIHP58Y0=",
            "labels": {
              "project": "mern-amazona",
              "role": "kubernetes-master"
            },
            "machine_type": "e2-medium",
            "metadata": {
              "ssh-keys": "ubuntu:ssh-rsa AAAAB3NzaC1yc2EAAAADAQABAAACAQCoxIDxCh5LvP+DTJSa0bgTi/qE/Unvuxh2DAgc4189aLXQQDqWySlTykydROZqyFV+BKRcTNRBdQnscg+OrtHj0YLZNLNYLfpiDXg1MggT/VkopJAMzrg+DUfR+znFAwxc9y/chKvP98ovEeu9AmjEm1+V4sdSrJqBOpru2iqnN5pCM2YC8WN8ROhCX2p6djTAxhTiFIvn8pfofe/t4naRjItXmSiWWqrp4F8K6sKUGQ8wKqusIm4+FGBvSjIMbTXV32OnrdNfd9WlDW3LYglOOBQ7SyJZiaURdJXvFTP9QxKIPITEMf5X8ezCDMqBK4jB9R8RJpodN3rhouFlpw/ga5k5uWWYD8ftFJESYpL9utxkHX5e7t6sKH5zpTHS2QZ9QdnZw+wd0suD8vS/xDKiLpxGBW069cq33nc5/BlA24vX6oRq6FAHgTksvNSf2P8xElgjojkMKLtFgIKHLupQ3IgkxmXv+Y1P/FKv8NfkNIxlSLFwReHL6RLZWnRE/ovGftVZqw3kWANIHZSb7pjrAskASbf5Eh+0yTBxSUa4wRaF3PT5gRGwCs249NyUr7jEhxmHloshakez6OKpblIr9L62ey+yTgGOHNYm26PpUx4j6W1YGD1ADPDvy0rC5fgoURfrnQEMT5Vyo+6/YuxLgd3IHbkqB1180KO0LRevVw== nourhan14@Norhan\n"
            },
            "metadata_fingerprint": "3_Z1TwhmEwI=",
            "metadata_startup_script": null,
            "min_cpu_platform": "",
            "name": "mern-amazona-k8s-master",
            "network_interface": [
              {
                "access_config": [
                  {
                    "nat_ip": "34.45.46.196",
                    "network_tier": "PREMIUM",
                    "public_ptr_domain_name": ""
                  }
                ],
                "alias_ip_range": [],
                "internal_ipv6_prefix_length": 0,
                "ipv6_access_config": [],
                "ipv6_access_type": "",
                "ipv6_address": "",
                "name": "nic0",
                "network": "https://www.googleapis.com/compute/v1/projects/mern-amazona-project/global/networks/mern-amazona-vpc",
                "network_ip": "10.0.1.4",
                "nic_type": "",
                "queue_count": 0,
                "stack_type": "IPV4_ONLY",
                "subnetwork": "https://www.googleapis.com/compute/v1/projects/mern-amazona-project/regions/us-central1/subnetworks/mern-amazona-public-subnet",
                "subnetwork_project": "mern-amazona-project"
              }
            ],
            "network_performance_config": [],
            "params": [],
            "project": "mern-amazona-project",
            "reservation_affinity": [],
            "resource_policies": null,
            "scheduling": [
              {
                "automatic_restart": true,
                "instance_termination_action": "",
                "local_ssd_recovery_timeout": [],
                "min_node_cpus": 0,
                "node_affinities": [],
                "on_host_maintenance": "MIGRATE",
                "preemptible": false,
                "provisioning_model": "STANDARD"
              }
            ],
            "scratch_disk": [],
            "self_link": "https://www.googleapis.com/compute/v1/projects/mern-amazona-project/zones/us-central1-a/instances/mern-amazona-k8s-master",
            "service_account": [],
            "shielded_instance_config": [
              {
                "enable_integrity_monitoring": true,
                "enable_secure_boot": false,
                "enable_vtpm": true
              }
            ],
            "tags": [
              "kubernetes"
            ],
            "tags_fingerprint": "9EuRlPbJr_M=",
            "timeouts": null,
            "zone": "us-central1-a"
          },
          "sensitive_attributes": [
            [
              {
                "type": "get_attr",
                "value": "boot_disk"
              },
              {
                "type": "index",
                "value": {
                  "value": 0,
                  "type": "number"
                }
              },
              {
                "type": "get_attr",
                "value": "disk_encryption_key_raw"
              }
            ]
          ],
          "identity_schema_version": 0,
          "private": "eyJlMmJmYjczMC1lY2FhLTExZTYtOGY4OC0zNDM2M2JjN2M0YzAiOnsiY3JlYXRlIjoxMjAwMDAwMDAwMDAwLCJkZWxldGUiOjEyMDAwMDAwMDAwMDAsInVwZGF0ZSI6MTIwMDAwMDAwMDAwMH0sInNjaGVtYV92ZXJzaW9uIjoiNiJ9",
          "dependencies": [
            "google_compute_network.main",
            "google_compute_subnetwork.public"
          ]
        }
      ]
    },
    {
      "mode": "managed",
      "type": "google_compute_instance",
      "name": "k8s_worker",
      "provider": "provider[\"registry.terraform.io/hashicorp/google\"]",
      "instances": [
        {
          "schema_version": 6,
          "attributes": {
            "advanced_machine_features": [],
            "allow_stopping_for_update": null,
            "attached_disk": [],
            "boot_disk": [
              {
                "auto_delete": true,
                "device_name": "persistent-disk-0",
                "disk_encryption_key_raw": "",
                "disk_encryption_key_sha256": "",
                "initialize_params": [
                  {
                    "image": "https://www.googleapis.com/compute/v1/projects/ubuntu-os-cloud/global/images/ubuntu-2204-jammy-v20260504",
                    "labels": {},
                    "resource_manager_tags": null,
                    "size": 20,
                    "type": "pd-standard"
                  }
                ],
                "kms_key_self_link": "",
                "mode": "READ_WRITE",
                "source": "https://www.googleapis.com/compute/v1/projects/mern-amazona-project/zones/us-central1-a/disks/mern-amazona-k8s-worker"
              }
            ],
            "can_ip_forward": false,
            "confidential_instance_config": [],
            "cpu_platform": "Intel Broadwell",
            "current_status": "RUNNING",
            "deletion_protection": false,
            "description": "",
            "desired_status": null,
            "enable_display": false,
            "guest_accelerator": [],
            "hostname": "",
            "id": "projects/mern-amazona-project/zones/us-central1-a/instances/mern-amazona-k8s-worker",
            "instance_id": "7806809070235356700",
            "label_fingerprint": "CpWK8gfSy64=",
            "labels": {
              "project": "mern-amazona",
              "role": "kubernetes-worker"
            },
            "machine_type": "e2-medium",
            "metadata": {
              "ssh-keys": "ubuntu:ssh-rsa AAAAB3NzaC1yc2EAAAADAQABAAACAQCoxIDxCh5LvP+DTJSa0bgTi/qE/Unvuxh2DAgc4189aLXQQDqWySlTykydROZqyFV+BKRcTNRBdQnscg+OrtHj0YLZNLNYLfpiDXg1MggT/VkopJAMzrg+DUfR+znFAwxc9y/chKvP98ovEeu9AmjEm1+V4sdSrJqBOpru2iqnN5pCM2YC8WN8ROhCX2p6djTAxhTiFIvn8pfofe/t4naRjItXmSiWWqrp4F8K6sKUGQ8wKqusIm4+FGBvSjIMbTXV32OnrdNfd9WlDW3LYglOOBQ7SyJZiaURdJXvFTP9QxKIPITEMf5X8ezCDMqBK4jB9R8RJpodN3rhouFlpw/ga5k5uWWYD8ftFJESYpL9utxkHX5e7t6sKH5zpTHS2QZ9QdnZw+wd0suD8vS/xDKiLpxGBW069cq33nc5/BlA24vX6oRq6FAHgTksvNSf2P8xElgjojkMKLtFgIKHLupQ3IgkxmXv+Y1P/FKv8NfkNIxlSLFwReHL6RLZWnRE/ovGftVZqw3kWANIHZSb7pjrAskASbf5Eh+0yTBxSUa4wRaF3PT5gRGwCs249NyUr7jEhxmHloshakez6OKpblIr9L62ey+yTgGOHNYm26PpUx4j6W1YGD1ADPDvy0rC5fgoURfrnQEMT5Vyo+6/YuxLgd3IHbkqB1180KO0LRevVw== nourhan14@Norhan\n"
            },
            "metadata_fingerprint": "3_Z1TwhmEwI=",
            "metadata_startup_script": null,
            "min_cpu_platform": "",
            "name": "mern-amazona-k8s-worker",
            "network_interface": [
              {
                "access_config": [
                  {
                    "nat_ip": "136.114.56.192",
                    "network_tier": "PREMIUM",
                    "public_ptr_domain_name": ""
                  }
                ],
                "alias_ip_range": [],
                "internal_ipv6_prefix_length": 0,
                "ipv6_access_config": [],
                "ipv6_access_type": "",
                "ipv6_address": "",
                "name": "nic0",
                "network": "https://www.googleapis.com/compute/v1/projects/mern-amazona-project/global/networks/mern-amazona-vpc",
                "network_ip": "10.0.1.2",
                "nic_type": "",
                "queue_count": 0,
                "stack_type": "IPV4_ONLY",
                "subnetwork": "https://www.googleapis.com/compute/v1/projects/mern-amazona-project/regions/us-central1/subnetworks/mern-amazona-public-subnet",
                "subnetwork_project": "mern-amazona-project"
              }
            ],
            "network_performance_config": [],
            "params": [],
            "project": "mern-amazona-project",
            "reservation_affinity": [],
            "resource_policies": null,
            "scheduling": [
              {
                "automatic_restart": true,
                "instance_termination_action": "",
                "local_ssd_recovery_timeout": [],
                "min_node_cpus": 0,
                "node_affinities": [],
                "on_host_maintenance": "MIGRATE",
                "preemptible": false,
                "provisioning_model": "STANDARD"
              }
            ],
            "scratch_disk": [],
            "self_link": "https://www.googleapis.com/compute/v1/projects/mern-amazona-project/zones/us-central1-a/instances/mern-amazona-k8s-worker",
            "service_account": [],
            "shielded_instance_config": [
              {
                "enable_integrity_monitoring": true,
                "enable_secure_boot": false,
                "enable_vtpm": true
              }
            ],
            "tags": [
              "kubernetes"
            ],
            "tags_fingerprint": "9EuRlPbJr_M=",
            "timeouts": null,
            "zone": "us-central1-a"
          },
          "sensitive_attributes": [
            [
              {
                "type": "get_attr",
                "value": "boot_disk"
              },
              {
                "type": "index",
                "value": {
                  "value": 0,
                  "type": "number"
                }
              },
              {
                "type": "get_attr",
                "value": "disk_encryption_key_raw"
              }
            ]
          ],
          "identity_schema_version": 0,
          "private": "eyJlMmJmYjczMC1lY2FhLTExZTYtOGY4OC0zNDM2M2JjN2M0YzAiOnsiY3JlYXRlIjoxMjAwMDAwMDAwMDAwLCJkZWxldGUiOjEyMDAwMDAwMDAwMDAsInVwZGF0ZSI6MTIwMDAwMDAwMDAwMH0sInNjaGVtYV92ZXJzaW9uIjoiNiJ9",
          "dependencies": [
            "google_compute_network.main",
            "google_compute_subnetwork.public"
          ]
        }
      ]
    },
    {
      "mode": "managed",
      "type": "google_compute_network",
      "name": "main",
      "provider": "provider[\"registry.terraform.io/hashicorp/google\"]",
      "instances": [
        {
          "schema_version": 0,
          "attributes": {
            "auto_create_subnetworks": false,
            "delete_default_routes_on_create": false,
            "description": "",
            "enable_ula_internal_ipv6": false,
            "gateway_ipv4": "",
            "id": "projects/mern-amazona-project/global/networks/mern-amazona-vpc",
            "internal_ipv6_range": "",
            "mtu": 0,
            "name": "mern-amazona-vpc",
            "network_firewall_policy_enforcement_order": "AFTER_CLASSIC_FIREWALL",
            "project": "mern-amazona-project",
            "routing_mode": "REGIONAL",
            "self_link": "https://www.googleapis.com/compute/v1/projects/mern-amazona-project/global/networks/mern-amazona-vpc",
            "timeouts": null
          },
          "sensitive_attributes": [],
          "identity_schema_version": 0,
          "private": "eyJlMmJmYjczMC1lY2FhLTExZTYtOGY4OC0zNDM2M2JjN2M0YzAiOnsiY3JlYXRlIjoxMjAwMDAwMDAwMDAwLCJkZWxldGUiOjEyMDAwMDAwMDAwMDAsInVwZGF0ZSI6MTIwMDAwMDAwMDAwMH19"
        }
      ]
    },
    {
      "mode": "managed",
      "type": "google_compute_subnetwork",
      "name": "public",
      "provider": "provider[\"registry.terraform.io/hashicorp/google\"]",
      "instances": [
        {
          "schema_version": 0,
          "attributes": {
            "creation_timestamp": "2026-05-10T09:23:00.233-07:00",
            "description": "",
            "external_ipv6_prefix": "",
            "fingerprint": null,
            "gateway_address": "10.0.1.1",
            "id": "projects/mern-amazona-project/regions/us-central1/subnetworks/mern-amazona-public-subnet",
            "internal_ipv6_prefix": "",
            "ip_cidr_range": "10.0.1.0/24",
            "ipv6_access_type": "",
            "ipv6_cidr_range": "",
            "log_config": [],
            "name": "mern-amazona-public-subnet",
            "network": "https://www.googleapis.com/compute/v1/projects/mern-amazona-project/global/networks/mern-amazona-vpc",
            "private_ip_google_access": false,
            "private_ipv6_google_access": "DISABLE_GOOGLE_ACCESS",
            "project": "mern-amazona-project",
            "purpose": "PRIVATE",
            "region": "us-central1",
            "role": "",
            "secondary_ip_range": [],
            "self_link": "https://www.googleapis.com/compute/v1/projects/mern-amazona-project/regions/us-central1/subnetworks/mern-amazona-public-subnet",
            "stack_type": "IPV4_ONLY",
            "timeouts": null
          },
          "sensitive_attributes": [],
          "identity_schema_version": 0,
          "private": "eyJlMmJmYjczMC1lY2FhLTExZTYtOGY4OC0zNDM2M2JjN2M0YzAiOnsiY3JlYXRlIjoxMjAwMDAwMDAwMDAwLCJkZWxldGUiOjEyMDAwMDAwMDAwMDAsInVwZGF0ZSI6MTIwMDAwMDAwMDAwMH19",
          "dependencies": [
            "google_compute_network.main"
          ]
        }
      ]
    }
  ],
  "check_results": null
}
