{
  "version": 4,
  "terraform_version": "1.15.1",
  "serial": 59,
  "lineage": "5e4d11c4-4e49-c196-f212-2049d831a5da",
  "outputs": {
    "controller_public_ip": {
      "value": "35.223.205.53",
      "type": "string"
    },
    "kubernetes_public_ip": {
      "value": "34.134.183.213",
      "type": "string"
    }
  },
  "resources": [
    {
      "mode": "managed",
      "type": "google_compute_firewall",
      "name": "jenkins",
      "provider": "provider[\"registry.terraform.io/hashicorp/google\"]",
      "instances": [
        {
          "schema_version": 1,
          "attributes": {
            "allow": [
              {
                "ports": [
                  "22"
                ],
                "protocol": "tcp"
              },
              {
                "ports": [
                  "80"
                ],
                "protocol": "tcp"
              },
              {
                "ports": [
                  "8080"
                ],
                "protocol": "tcp"
              }
            ],
            "creation_timestamp": "2026-05-11T07:13:23.262-07:00",
            "deny": [],
            "description": "",
            "destination_ranges": [],
            "direction": "INGRESS",
            "disabled": false,
            "enable_logging": null,
            "id": "projects/mern-amazona-project/global/firewalls/mern-amazona-jenkins-fw",
            "log_config": [],
            "name": "mern-amazona-jenkins-fw",
            "network": "https://www.googleapis.com/compute/v1/projects/mern-amazona-project/global/networks/mern-amazona-vpc",
            "priority": 1000,
            "project": "mern-amazona-project",
            "self_link": "https://www.googleapis.com/compute/v1/projects/mern-amazona-project/global/firewalls/mern-amazona-jenkins-fw",
            "source_ranges": [
              "0.0.0.0/0"
            ],
            "source_service_accounts": null,
            "source_tags": null,
            "target_service_accounts": null,
            "target_tags": [
              "jenkins"
            ],
            "timeouts": null
          },
          "sensitive_attributes": [],
          "identity_schema_version": 0,
          "private": "eyJlMmJmYjczMC1lY2FhLTExZTYtOGY4OC0zNDM2M2JjN2M0YzAiOnsiY3JlYXRlIjoxMjAwMDAwMDAwMDAwLCJkZWxldGUiOjEyMDAwMDAwMDAwMDAsInVwZGF0ZSI6MTIwMDAwMDAwMDAwMH0sInNjaGVtYV92ZXJzaW9uIjoiMSJ9",
          "dependencies": [
            "google_compute_network.main"
          ]
        }
      ]
    },
    {
      "mode": "managed",
      "type": "google_compute_firewall",
      "name": "k3s_api",
      "provider": "provider[\"registry.terraform.io/hashicorp/google\"]",
      "instances": [
        {
          "schema_version": 1,
          "attributes": {
            "allow": [
              {
                "ports": [
                  "6443"
                ],
                "protocol": "tcp"
              }
            ],
            "creation_timestamp": "2026-05-11T07:13:24.938-07:00",
            "deny": [],
            "description": "",
            "destination_ranges": [],
            "direction": "INGRESS",
            "disabled": false,
            "enable_logging": null,
            "id": "projects/mern-amazona-project/global/firewalls/mern-amazona-k3s-api-fw",
            "log_config": [],
            "name": "mern-amazona-k3s-api-fw",
            "network": "https://www.googleapis.com/compute/v1/projects/mern-amazona-project/global/networks/mern-amazona-vpc",
            "priority": 1000,
            "project": "mern-amazona-project",
            "self_link": "https://www.googleapis.com/compute/v1/projects/mern-amazona-project/global/firewalls/mern-amazona-k3s-api-fw",
            "source_ranges": null,
            "source_service_accounts": null,
            "source_tags": [
              "controller"
            ],
            "target_service_accounts": null,
            "target_tags": [
              "kubernetes"
            ],
            "timeouts": null
          },
          "sensitive_attributes": [],
          "identity_schema_version": 0,
          "private": "eyJlMmJmYjczMC1lY2FhLTExZTYtOGY4OC0zNDM2M2JjN2M0YzAiOnsiY3JlYXRlIjoxMjAwMDAwMDAwMDAwLCJkZWxldGUiOjEyMDAwMDAwMDAwMDAsInVwZGF0ZSI6MTIwMDAwMDAwMDAwMH0sInNjaGVtYV92ZXJzaW9uIjoiMSJ9",
          "dependencies": [
            "google_compute_network.main"
          ]
        }
      ]
    },
    {
      "mode": "managed",
      "type": "google_compute_firewall",
      "name": "kubernetes",
      "provider": "provider[\"registry.terraform.io/hashicorp/google\"]",
      "instances": [
        {
          "schema_version": 1,
          "attributes": {
            "allow": [
              {
                "ports": [
                  "22"
                ],
                "protocol": "tcp"
              },
              {
                "ports": [
                  "3000"
                ],
                "protocol": "tcp"
              },
              {
                "ports": [
                  "4000"
                ],
                "protocol": "tcp"
              },
              {
                "ports": [
                  "80"
                ],
                "protocol": "tcp"
              }
            ],
            "creation_timestamp": "2026-05-11T07:13:25.020-07:00",
            "deny": [],
            "description": "",
            "destination_ranges": [],
            "direction": "INGRESS",
            "disabled": false,
            "enable_logging": null,
            "id": "projects/mern-amazona-project/global/firewalls/mern-amazona-k8s-fw",
            "log_config": [],
            "name": "mern-amazona-k8s-fw",
            "network": "https://www.googleapis.com/compute/v1/projects/mern-amazona-project/global/networks/mern-amazona-vpc",
            "priority": 1000,
            "project": "mern-amazona-project",
            "self_link": "https://www.googleapis.com/compute/v1/projects/mern-amazona-project/global/firewalls/mern-amazona-k8s-fw",
            "source_ranges": [
              "0.0.0.0/0"
            ],
            "source_service_accounts": null,
            "source_tags": null,
            "target_service_accounts": null,
            "target_tags": [
              "kubernetes"
            ],
            "timeouts": null
          },
          "sensitive_attributes": [],
          "identity_schema_version": 0,
          "private": "eyJlMmJmYjczMC1lY2FhLTExZTYtOGY4OC0zNDM2M2JjN2M0YzAiOnsiY3JlYXRlIjoxMjAwMDAwMDAwMDAwLCJkZWxldGUiOjEyMDAwMDAwMDAwMDAsInVwZGF0ZSI6MTIwMDAwMDAwMDAwMH0sInNjaGVtYV92ZXJzaW9uIjoiMSJ9",
          "dependencies": [
            "google_compute_network.main"
          ]
        }
      ]
    },
    {
      "mode": "managed",
      "type": "google_compute_instance",
      "name": "controller",
      "provider": "provider[\"registry.terraform.io/hashicorp/google\"]",
      "instances": [
        {
          "schema_version": 6,
          "attributes": {
            "advanced_machine_features": [],
            "allow_stopping_for_update": null,
            "attached_disk": [],
            "boot_disk": [
              {
                "auto_delete": true,
                "device_name": "persistent-disk-0",
                "disk_encryption_key_raw": "",
                "disk_encryption_key_sha256": "",
                "initialize_params": [
                  {
                    "image": "https://www.googleapis.com/compute/v1/projects/ubuntu-os-cloud/global/images/ubuntu-2204-jammy-v20260504",
                    "labels": {},
                    "resource_manager_tags": null,
                    "size": 20,
                    "type": "pd-standard"
                  }
                ],
                "kms_key_self_link": "",
                "mode": "READ_WRITE",
                "source": "https://www.googleapis.com/compute/v1/projects/mern-amazona-project/zones/us-central1-a/disks/controller"
              }
            ],
            "can_ip_forward": false,
            "confidential_instance_config": [],
            "cpu_platform": "Intel Broadwell",
            "current_status": "RUNNING",
            "deletion_protection": false,
            "description": "",
            "desired_status": null,
            "enable_display": false,
            "guest_accelerator": [],
            "hostname": "",
            "id": "projects/mern-amazona-project/zones/us-central1-a/instances/controller",
            "instance_id": "4792055062839712509",
            "label_fingerprint": "NPGBDWXpI-4=",
            "labels": {
              "role": "controller"
            },
            "machine_type": "e2-medium",
            "metadata": {
              "ssh-keys": "ubuntu:ssh-rsa AAAAB3NzaC1yc2EAAAADAQABAAACAQC5UPk34hWfTmeq719c2MqSHeFzjBYqun8KBlM8lnhZK88SMXcYQ0ZiGfckKjzmqL9YbLiDqRiy5Whsj9sQL9MrhJT/Ne8rqZrYVTK23MRv+XsuI2d3glvDULXmK4Uxzv5A5eu7MkI820CCCPWEHdxgL7CHeWcNTQ0hjPXyHdDtwaYOTAE7jIluPERnYwUb3fosjW1J4YnvefFgURFz9G5gddSpOpefjQWsQIzG6V4u/Pekm8JWHEb0ymX9R788prMabUp52yIqeiN00Tlsu/HRVRXo7XJSCnfQALgbL6wgLHOSXtIRqqcg6f7P859zIFaY10JmqPxNDLM5O2I8FkzBrFFOdW05aojs4ELwYploQIC0lqY1euKNkm8Rjid5PKwo3DbX/g/fdDGM7rzUlQ5bPD8eqF8wnMuBwO4LHYEMLH+Sw7a3QvG8QORAGAaiKfH2iRgJ/c9Kzhlx6Dc0/gvKh5gTKvTzDlZa5Pyi1ghgpSedbYFtm+rZW5MSFPOYrJgXhEZgMYc7Tum96V5vb4ADd6fruLLcrcZRjc7IXhHIm2bPIptTkfZWczJCHSFPYWha7gePs3X8ETlQSVq/ekmlcsQ/p+Aenm6yHDyCuZwfveiOnObeqC7LijmxH1NXYLQOVx7HOarZRPYAxoyWsA8Yo7cmdfcUeAZ/RQzplLXmKQ== nourhan14@Norhan\n"
            },
            "metadata_fingerprint": "lkUG3qDWbL4=",
            "metadata_startup_script": null,
            "min_cpu_platform": "",
            "name": "controller",
            "network_interface": [
              {
                "access_config": [
                  {
                    "nat_ip": "35.223.205.53",
                    "network_tier": "PREMIUM",
                    "public_ptr_domain_name": ""
                  }
                ],
                "alias_ip_range": [],
                "internal_ipv6_prefix_length": 0,
                "ipv6_access_config": [],
                "ipv6_access_type": "",
                "ipv6_address": "",
                "name": "nic0",
                "network": "https://www.googleapis.com/compute/v1/projects/mern-amazona-project/global/networks/mern-amazona-vpc",
                "network_ip": "10.0.1.3",
                "nic_type": "",
                "queue_count": 0,
                "stack_type": "IPV4_ONLY",
                "subnetwork": "https://www.googleapis.com/compute/v1/projects/mern-amazona-project/regions/us-central1/subnetworks/mern-amazona-public-subnet",
                "subnetwork_project": "mern-amazona-project"
              }
            ],
            "network_performance_config": [],
            "params": [],
            "project": "mern-amazona-project",
            "reservation_affinity": [],
            "resource_policies": null,
            "scheduling": [
              {
                "automatic_restart": true,
                "instance_termination_action": "",
                "local_ssd_recovery_timeout": [],
                "min_node_cpus": 0,
                "node_affinities": [],
                "on_host_maintenance": "MIGRATE",
                "preemptible": false,
                "provisioning_model": "STANDARD"
              }
            ],
            "scratch_disk": [],
            "self_link": "https://www.googleapis.com/compute/v1/projects/mern-amazona-project/zones/us-central1-a/instances/controller",
            "service_account": [],
            "shielded_instance_config": [
              {
                "enable_integrity_monitoring": true,
                "enable_secure_boot": false,
                "enable_vtpm": true
              }
            ],
            "tags": [
              "controller",
              "jenkins",
              "ssh"
            ],
            "tags_fingerprint": "3dV13FsqzgU=",
            "timeouts": null,
            "zone": "us-central1-a"
          },
          "sensitive_attributes": [
            [
              {
                "type": "get_attr",
                "value": "boot_disk"
              },
              {
                "type": "index",
                "value": {
                  "value": 0,
                  "type": "number"
                }
              },
              {
                "type": "get_attr",
                "value": "disk_encryption_key_raw"
              }
            ]
          ],
          "identity_schema_version": 0,
          "private": "eyJlMmJmYjczMC1lY2FhLTExZTYtOGY4OC0zNDM2M2JjN2M0YzAiOnsiY3JlYXRlIjoxMjAwMDAwMDAwMDAwLCJkZWxldGUiOjEyMDAwMDAwMDAwMDAsInVwZGF0ZSI6MTIwMDAwMDAwMDAwMH0sInNjaGVtYV92ZXJzaW9uIjoiNiJ9",
          "dependencies": [
            "google_compute_network.main",
            "google_compute_subnetwork.public"
          ]
        }
      ]
    },
    {
      "mode": "managed",
      "type": "google_compute_instance",
      "name": "kubernetes",
      "provider": "provider[\"registry.terraform.io/hashicorp/google\"]",
      "instances": [
        {
          "schema_version": 6,
          "attributes": {
            "advanced_machine_features": [],
            "allow_stopping_for_update": null,
            "attached_disk": [],
            "boot_disk": [
              {
                "auto_delete": true,
                "device_name": "persistent-disk-0",
                "disk_encryption_key_raw": "",
                "disk_encryption_key_sha256": "",
                "initialize_params": [
                  {
                    "image": "https://www.googleapis.com/compute/v1/projects/ubuntu-os-cloud/global/images/ubuntu-2204-jammy-v20260504",
                    "labels": {},
                    "resource_manager_tags": null,
                    "size": 20,
                    "type": "pd-standard"
                  }
                ],
                "kms_key_self_link": "",
                "mode": "READ_WRITE",
                "source": "https://www.googleapis.com/compute/v1/projects/mern-amazona-project/zones/us-central1-a/disks/kubernetes"
              }
            ],
            "can_ip_forward": false,
            "confidential_instance_config": [],
            "cpu_platform": "Intel Broadwell",
            "current_status": "RUNNING",
            "deletion_protection": false,
            "description": "",
            "desired_status": null,
            "enable_display": false,
            "guest_accelerator": [],
            "hostname": "",
            "id": "projects/mern-amazona-project/zones/us-central1-a/instances/kubernetes",
            "instance_id": "1012665278958164734",
            "label_fingerprint": "C75-GYNr9ks=",
            "labels": {
              "role": "kubernetes"
            },
            "machine_type": "e2-small",
            "metadata": {
              "ssh-keys": "ubuntu:ssh-rsa AAAAB3NzaC1yc2EAAAADAQABAAACAQC5UPk34hWfTmeq719c2MqSHeFzjBYqun8KBlM8lnhZK88SMXcYQ0ZiGfckKjzmqL9YbLiDqRiy5Whsj9sQL9MrhJT/Ne8rqZrYVTK23MRv+XsuI2d3glvDULXmK4Uxzv5A5eu7MkI820CCCPWEHdxgL7CHeWcNTQ0hjPXyHdDtwaYOTAE7jIluPERnYwUb3fosjW1J4YnvefFgURFz9G5gddSpOpefjQWsQIzG6V4u/Pekm8JWHEb0ymX9R788prMabUp52yIqeiN00Tlsu/HRVRXo7XJSCnfQALgbL6wgLHOSXtIRqqcg6f7P859zIFaY10JmqPxNDLM5O2I8FkzBrFFOdW05aojs4ELwYploQIC0lqY1euKNkm8Rjid5PKwo3DbX/g/fdDGM7rzUlQ5bPD8eqF8wnMuBwO4LHYEMLH+Sw7a3QvG8QORAGAaiKfH2iRgJ/c9Kzhlx6Dc0/gvKh5gTKvTzDlZa5Pyi1ghgpSedbYFtm+rZW5MSFPOYrJgXhEZgMYc7Tum96V5vb4ADd6fruLLcrcZRjc7IXhHIm2bPIptTkfZWczJCHSFPYWha7gePs3X8ETlQSVq/ekmlcsQ/p+Aenm6yHDyCuZwfveiOnObeqC7LijmxH1NXYLQOVx7HOarZRPYAxoyWsA8Yo7cmdfcUeAZ/RQzplLXmKQ== nourhan14@Norhan\n"
            },
            "metadata_fingerprint": "lkUG3qDWbL4=",
            "metadata_startup_script": null,
            "min_cpu_platform": "",
            "name": "kubernetes",
            "network_interface": [
              {
                "access_config": [
                  {
                    "nat_ip": "34.134.183.213",
                    "network_tier": "PREMIUM",
                    "public_ptr_domain_name": ""
                  }
                ],
                "alias_ip_range": [],
                "internal_ipv6_prefix_length": 0,
                "ipv6_access_config": [],
                "ipv6_access_type": "",
                "ipv6_address": "",
                "name": "nic0",
                "network": "https://www.googleapis.com/compute/v1/projects/mern-amazona-project/global/networks/mern-amazona-vpc",
                "network_ip": "10.0.1.2",
                "nic_type": "",
                "queue_count": 0,
                "stack_type": "IPV4_ONLY",
                "subnetwork": "https://www.googleapis.com/compute/v1/projects/mern-amazona-project/regions/us-central1/subnetworks/mern-amazona-public-subnet",
                "subnetwork_project": "mern-amazona-project"
              }
            ],
            "network_performance_config": [],
            "params": [],
            "project": "mern-amazona-project",
            "reservation_affinity": [],
            "resource_policies": null,
            "scheduling": [
              {
                "automatic_restart": true,
                "instance_termination_action": "",
                "local_ssd_recovery_timeout": [],
                "min_node_cpus": 0,
                "node_affinities": [],
                "on_host_maintenance": "MIGRATE",
                "preemptible": false,
                "provisioning_model": "STANDARD"
              }
            ],
            "scratch_disk": [],
            "self_link": "https://www.googleapis.com/compute/v1/projects/mern-amazona-project/zones/us-central1-a/instances/kubernetes",
            "service_account": [],
            "shielded_instance_config": [
              {
                "enable_integrity_monitoring": true,
                "enable_secure_boot": false,
                "enable_vtpm": true
              }
            ],
            "tags": [
              "k3s",
              "kubernetes",
              "ssh"
            ],
            "tags_fingerprint": "Di4bX9NzeVM=",
            "timeouts": null,
            "zone": "us-central1-a"
          },
          "sensitive_attributes": [
            [
              {
                "type": "get_attr",
                "value": "boot_disk"
              },
              {
                "type": "index",
                "value": {
                  "value": 0,
                  "type": "number"
                }
              },
              {
                "type": "get_attr",
                "value": "disk_encryption_key_raw"
              }
            ]
          ],
          "identity_schema_version": 0,
          "private": "eyJlMmJmYjczMC1lY2FhLTExZTYtOGY4OC0zNDM2M2JjN2M0YzAiOnsiY3JlYXRlIjoxMjAwMDAwMDAwMDAwLCJkZWxldGUiOjEyMDAwMDAwMDAwMDAsInVwZGF0ZSI6MTIwMDAwMDAwMDAwMH0sInNjaGVtYV92ZXJzaW9uIjoiNiJ9",
          "dependencies": [
            "google_compute_network.main",
            "google_compute_subnetwork.public"
          ]
        }
      ]
    },
    {
      "mode": "managed",
      "type": "google_compute_network",
      "name": "main",
      "provider": "provider[\"registry.terraform.io/hashicorp/google\"]",
      "instances": [
        {
          "schema_version": 0,
          "attributes": {
            "auto_create_subnetworks": false,
            "delete_default_routes_on_create": false,
            "description": "",
            "enable_ula_internal_ipv6": false,
            "gateway_ipv4": "",
            "id": "projects/mern-amazona-project/global/networks/mern-amazona-vpc",
            "internal_ipv6_range": "",
            "mtu": 0,
            "name": "mern-amazona-vpc",
            "network_firewall_policy_enforcement_order": "AFTER_CLASSIC_FIREWALL",
            "project": "mern-amazona-project",
            "routing_mode": "REGIONAL",
            "self_link": "https://www.googleapis.com/compute/v1/projects/mern-amazona-project/global/networks/mern-amazona-vpc",
            "timeouts": null
          },
          "sensitive_attributes": [],
          "identity_schema_version": 0,
          "private": "eyJlMmJmYjczMC1lY2FhLTExZTYtOGY4OC0zNDM2M2JjN2M0YzAiOnsiY3JlYXRlIjoxMjAwMDAwMDAwMDAwLCJkZWxldGUiOjEyMDAwMDAwMDAwMDAsInVwZGF0ZSI6MTIwMDAwMDAwMDAwMH19"
        }
      ]
    },
    {
      "mode": "managed",
      "type": "google_compute_subnetwork",
      "name": "public",
      "provider": "provider[\"registry.terraform.io/hashicorp/google\"]",
      "instances": [
        {
          "schema_version": 0,
          "attributes": {
            "creation_timestamp": "2026-05-11T07:13:23.349-07:00",
            "description": "",
            "external_ipv6_prefix": "",
            "fingerprint": null,
            "gateway_address": "10.0.1.1",
            "id": "projects/mern-amazona-project/regions/us-central1/subnetworks/mern-amazona-public-subnet",
            "internal_ipv6_prefix": "",
            "ip_cidr_range": "10.0.1.0/24",
            "ipv6_access_type": "",
            "ipv6_cidr_range": "",
            "log_config": [],
            "name": "mern-amazona-public-subnet",
            "network": "https://www.googleapis.com/compute/v1/projects/mern-amazona-project/global/networks/mern-amazona-vpc",
            "private_ip_google_access": false,
            "private_ipv6_google_access": "DISABLE_GOOGLE_ACCESS",
            "project": "mern-amazona-project",
            "purpose": "PRIVATE",
            "region": "us-central1",
            "role": "",
            "secondary_ip_range": [],
            "self_link": "https://www.googleapis.com/compute/v1/projects/mern-amazona-project/regions/us-central1/subnetworks/mern-amazona-public-subnet",
            "stack_type": "IPV4_ONLY",
            "timeouts": null
          },
          "sensitive_attributes": [],
          "identity_schema_version": 0,
          "private": "eyJlMmJmYjczMC1lY2FhLTExZTYtOGY4OC0zNDM2M2JjN2M0YzAiOnsiY3JlYXRlIjoxMjAwMDAwMDAwMDAwLCJkZWxldGUiOjEyMDAwMDAwMDAwMDAsInVwZGF0ZSI6MTIwMDAwMDAwMDAwMH19",
          "dependencies": [
            "google_compute_network.main"
          ]
        }
      ]
    }
  ],
  "check_results": null
}
